// !$*UTF8*$!
{
	archiveVersion = 1;
	classes = {
	};
	objectVersion = 77;
	objects = {

/* Begin PBXBuildFile section */
		F5452ABB2DC2B620008440E5 /* Down in Frameworks */ = {isa = PBXBuildFile; productRef = F5452ABA2DC2B620008440E5 /* Down */; };
/* End PBXBuildFile section */

/* Begin PBXContainerItemProxy section */
		F5452A9D2DC2B4A8008440E5 /* PBXContainerItemProxy */ = {
			isa = PBXContainerItemProxy;
			containerPortal = F5452A862DC2B4A5008440E5 /* Project object */;
			proxyType = 1;
			remoteGlobalIDString = F5452A8D2DC2B4A6008440E5;
			remoteInfo = MarkdownSlides;
		};
		F5452AA72DC2B4A8008440E5 /* PBXContainerItemProxy */ = {
			isa = PBXContainerItemProxy;
			containerPortal = F5452A862DC2B4A5008440E5 /* Project object */;
			proxyType = 1;
			remoteGlobalIDString = F5452A8D2DC2B4A6008440E5;
			remoteInfo = MarkdownSlides;
		};
/* End PBXContainerItemProxy section */

/* Begin PBXFileReference section */
		F5452A8E2DC2B4A6008440E5 /* MarkdownSlides.app */ = {isa = PBXFileReference; explicitFileType = wrapper.application; includeInIndex = 0; path = MarkdownSlides.app; sourceTree = BUILT_PRODUCTS_DIR; };
		F5452A9C2DC2B4A8008440E5 /* MarkdownSlidesTests.xctest */ = {isa = PBXFileReference; explicitFileType = wrapper.cfbundle; includeInIndex = 0; path = MarkdownSlidesTests.xctest; sourceTree = BUILT_PRODUCTS_DIR; };
		F5452AA62DC2B4A8008440E5 /* MarkdownSlidesUITests.xctest */ = {isa = PBXFileReference; explicitFileType = wrapper.cfbundle; includeInIndex = 0; path = MarkdownSlidesUITests.xctest; sourceTree = BUILT_PRODUCTS_DIR; };
/* End PBXFileReference section */

/* Begin PBXFileSystemSynchronizedRootGroup section */
		F5452A902DC2B4A6008440E5 /* MarkdownSlides */ = {
			isa = PBXFileSystemSynchronizedRootGroup;
			path = MarkdownSlides;
			sourceTree = "<group>";
		};
		F5452A9F2DC2B4A8008440E5 /* MarkdownSlidesTests */ = {
			isa = PBXFileSystemSynchronizedRootGroup;
			path = MarkdownSlidesTests;
			sourceTree = "<group>";
		};
		F5452AA92DC2B4A8008440E5 /* MarkdownSlidesUITests */ = {
			isa = PBXFileSystemSynchronizedRootGroup;
			path = MarkdownSlidesUITests;
			sourceTree = "<group>";
		};
/* End PBXFileSystemSynchronizedRootGroup section */

/* Begin PBXFrameworksBuildPhase section */
		F5452A8B2DC2B4A6008440E5 /* Frameworks */ = {
			isa = PBXFrameworksBuildPhase;
			buildActionMask = 2147483647;
			files = (
				F5452ABB2DC2B620008440E5 /* Down in Frameworks */,
			);
			runOnlyForDeploymentPostprocessing = 0;
		};
		F5452A992DC2B4A8008440E5 /* Frameworks */ = {
			isa = PBXFrameworksBuildPhase;
			buildActionMask = 2147483647;
			files = (
			);
			runOnlyForDeploymentPostprocessing = 0;
		};
		F5452AA32DC2B4A8008440E5 /* Frameworks */ = {
			isa = PBXFrameworksBuildPhase;
			buildActionMask = 2147483647;
			files = (
			);
			runOnlyForDeploymentPostprocessing = 0;
		};
/* End PBXFrameworksBuildPhase section */

/* Begin PBXGroup section */
		F5452A852DC2B4A5008440E5 = {
			isa = PBXGroup;
			children = (
				F5452A902DC2B4A6008440E5 /* MarkdownSlides */,
				F5452A9F2DC2B4A8008440E5 /* MarkdownSlidesTests */,
				F5452AA92DC2B4A8008440E5 /* MarkdownSlidesUITests */,
				F5452A8F2DC2B4A6008440E5 /* Products */,
			);
			sourceTree = "<group>";
		};
		F5452A8F2DC2B4A6008440E5 /* Products */ = {
			isa = PBXGroup;
			children = (
				F5452A8E2DC2B4A6008440E5 /* MarkdownSlides.app */,
				F5452A9C2DC2B4A8008440E5 /* MarkdownSlidesTests.xctest */,
				F5452AA62DC2B4A8008440E5 /* MarkdownSlidesUITests.xctest */,
			);
			name = Products;
			sourceTree = "<group>";
		};
/* End PBXGroup section */

/* Begin PBXNativeTarget section */
		F5452A8D2DC2B4A6008440E5 /* MarkdownSlides */ = {
			isa = PBXNativeTarget;
			buildConfigurationList = F5452AB02DC2B4A8008440E5 /* Build configuration list for PBXNativeTarget "MarkdownSlides" */;
			buildPhases = (
				F5452A8A2DC2B4A6008440E5 /* Sources */,
				F5452A8B2DC2B4A6008440E5 /* Frameworks */,
				F5452A8C2DC2B4A6008440E5 /* Resources */,
			);
			buildRules = (
			);
			dependencies = (
			);
			fileSystemSynchronizedGroups = (
				F5452A902DC2B4A6008440E5 /* MarkdownSlides */,
			);
			name = MarkdownSlides;
			packageProductDependencies = (
				F5452ABA2DC2B620008440E5 /* Down */,
			);
			productName = MarkdownSlides;
			productReference = F5452A8E2DC2B4A6008440E5 /* MarkdownSlides.app */;
			productType = "com.apple.product-type.application";
		};
		F5452A9B2DC2B4A8008440E5 /* MarkdownSlidesTests */ = {
			isa = PBXNativeTarget;
			buildConfigurationList = F5452AB32DC2B4A8008440E5 /* Build configuration list for PBXNativeTarget "MarkdownSlidesTests" */;
			buildPhases = (
				F5452A982DC2B4A8008440E5 /* Sources */,
				F5452A992DC2B4A8008440E5 /* Frameworks */,
				F5452A9A2DC2B4A8008440E5 /* Resources */,
			);
			buildRules = (
			);
			dependencies = (
				F5452A9E2DC2B4A8008440E5 /* PBXTargetDependency */,
			);
			fileSystemSynchronizedGroups = (
				F5452A9F2DC2B4A8008440E5 /* MarkdownSlidesTests */,
			);
			name = MarkdownSlidesTests;
			packageProductDependencies = (
			);
			productName = MarkdownSlidesTests;
			productReference = F5452A9C2DC2B4A8008440E5 /* MarkdownSlidesTests.xctest */;
			productType = "com.apple.product-type.bundle.unit-test";
		};
		F5452AA52DC2B4A8008440E5 /* MarkdownSlidesUITests */ = {
			isa = PBXNativeTarget;
			buildConfigurationList = F5452AB62DC2B4A8008440E5 /* Build configuration list for PBXNativeTarget "MarkdownSlidesUITests" */;
			buildPhases = (
				F5452AA22DC2B4A8008440E5 /* Sources */,
				F5452AA32DC2B4A8008440E5 /* Frameworks */,
				F5452AA42DC2B4A8008440E5 /* Resources */,
			);
			buildRules = (
			);
			dependencies = (
				F5452AA82DC2B4A8008440E5 /* PBXTargetDependency */,
			);
			fileSystemSynchronizedGroups = (
				F5452AA92DC2B4A8008440E5 /* MarkdownSlidesUITests */,
			);
			name = MarkdownSlidesUITests;
			packageProductDependencies = (
			);
			productName = MarkdownSlidesUITests;
			productReference = F5452AA62DC2B4A8008440E5 /* MarkdownSlidesUITests.xctest */;
			productType = "com.apple.product-type.bundle.ui-testing";
		};
/* End PBXNativeTarget section */

/* Begin PBXProject section */
		F5452A862DC2B4A5008440E5 /* Project object */ = {
			isa = PBXProject;
			attributes = {
				BuildIndependentTargetsInParallel = 1;
				LastSwiftUpdateCheck = 1630;
				LastUpgradeCheck = 1630;
				TargetAttributes = {
					F5452A8D2DC2B4A6008440E5 = {
						CreatedOnToolsVersion = 16.3;
					};
					F5452A9B2DC2B4A8008440E5 = {
						CreatedOnToolsVersion = 16.3;
						TestTargetID = F5452A8D2DC2B4A6008440E5;
					};
					F5452AA52DC2B4A8008440E5 = {
						CreatedOnToolsVersion = 16.3;
						TestTargetID = F5452A8D2DC2B4A6008440E5;
					};
				};
			};
			buildConfigurationList = F5452A892DC2B4A5008440E5 /* Build configuration list for PBXProject "MarkdownSlides" */;
			developmentRegion = en;
			hasScannedForEncodings = 0;
			knownRegions = (
				en,
				Base,
			);
			mainGroup = F5452A852DC2B4A5008440E5;
			minimizedProjectReferenceProxies = 1;
			packageReferences = (
				F5452AB92DC2B552008440E5 /* XCRemoteSwiftPackageReference "Down" */,
			);
			preferredProjectObjectVersion = 77;
			productRefGroup = F5452A8F2DC2B4A6008440E5 /* Products */;
			projectDirPath = "";
			projectRoot = "";
			targets = (
				F5452A8D2DC2B4A6008440E5 /* MarkdownSlides */,
				F5452A9B2DC2B4A8008440E5 /* MarkdownSlidesTests */,
				F5452AA52DC2B4A8008440E5 /* MarkdownSlidesUITests */,
			);
		};
/* End PBXProject section */

/* Begin PBXResourcesBuildPhase section */
		F5452A8C2DC2B4A6008440E5 /* Resources */ = {
			isa = PBXResourcesBuildPhase;
			buildActionMask = 2147483647;
			files = (
			);
			runOnlyForDeploymentPostprocessing = 0;
		};
		F5452A9A2DC2B4A8008440E5 /* Resources */ = {
			isa = PBXResourcesBuildPhase;
			buildActionMask = 2147483647;
			files = (
			);
			runOnlyForDeploymentPostprocessing = 0;
		};
		F5452AA42DC2B4A8008440E5 /* Resources */ = {
			isa = PBXResourcesBuildPhase;
			buildActionMask = 2147483647;
			files = (
			);
			runOnlyForDeploymentPostprocessing = 0;
		};
/* End PBXResourcesBuildPhase section */

/* Begin PBXSourcesBuildPhase section */
		F5452A8A2DC2B4A6008440E5 /* Sources */ = {
			isa = PBXSourcesBuildPhase;
			buildActionMask = 2147483647;
			files = (
			);
			runOnlyForDeploymentPostprocessing = 0;
		};
		F5452A982DC2B4A8008440E5 /* Sources */ = {
			isa = PBXSourcesBuildPhase;
			buildActionMask = 2147483647;
			files = (
			);
			runOnlyForDeploymentPostprocessing = 0;
		};
		F5452AA22DC2B4A8008440E5 /* Sources */ = {
			isa = PBXSourcesBuildPhase;
			buildActionMask = 2147483647;
			files = (
			);
			runOnlyForDeploymentPostprocessing = 0;
		};
/* End PBXSourcesBuildPhase section */

/* Begin PBXTargetDependency section */
		F5452A9E2DC2B4A8008440E5 /* PBXTargetDependency */ = {
			isa = PBXTargetDependency;
			target = F5452A8D2DC2B4A6008440E5 /* MarkdownSlides */;
			targetProxy = F5452A9D2DC2B4A8008440E5 /* PBXContainerItemProxy */;
		};
		F5452AA82DC2B4A8008440E5 /* PBXTargetDependency */ = {
			isa = PBXTargetDependency;
			target = F5452A8D2DC2B4A6008440E5 /* MarkdownSlides */;
			targetProxy = F5452AA72DC2B4A8008440E5 /* PBXContainerItemProxy */;
		};
/* End PBXTargetDependency section */

/* Begin XCBuildConfiguration section */
		F5452AAE2DC2B4A8008440E5 /* Debug */ = {
			isa = XCBuildConfiguration;
			buildSettings = {
				ALWAYS_SEARCH_USER_PATHS = NO;
				ASSETCATALOG_COMPILER_GENERATE_SWIFT_ASSET_SYMBOL_EXTENSIONS = YES;
				CLANG_ANALYZER_NONNULL = YES;
				CLANG_ANALYZER_NUMBER_OBJECT_CONVERSION = YES_AGGRESSIVE;
				CLANG_CXX_LANGUAGE_STANDARD = "gnu++20";
				CLANG_ENABLE_MODULES = YES;
				CLANG_ENABLE_OBJC_ARC = YES;
				CLANG_ENABLE_OBJC_WEAK = YES;
				CLANG_WARN_BLOCK_CAPTURE_AUTORELEASING = YES;
				CLANG_WARN_BOOL_CONVERSION = YES;
				CLANG_WARN_COMMA = YES;
				CLANG_WARN_CONSTANT_CONVERSION = YES;
				CLANG_WARN_DEPRECATED_OBJC_IMPLEMENTATIONS = YES;
				CLANG_WARN_DIRECT_OBJC_ISA_USAGE = YES_ERROR;
				CLANG_WARN_DOCUMENTATION_COMMENTS = YES;
				CLANG_WARN_EMPTY_BODY = YES;
				CLANG_WARN_ENUM_CONVERSION = YES;
				CLANG_WARN_INFINITE_RECURSION = YES;
				CLANG_WARN_INT_CONVERSION = YES;
				CLANG_WARN_NON_LITERAL_NULL_CONVERSION = YES;
				CLANG_WARN_OBJC_IMPLICIT_RETAIN_SELF = YES;
				CLANG_WARN_OBJC_LITERAL_CONVERSION = YES;
				CLANG_WARN_OBJC_ROOT_CLASS = YES_ERROR;
				CLANG_WARN_QUOTED_INCLUDE_IN_FRAMEWORK_HEADER = YES;
				CLANG_WARN_RANGE_LOOP_ANALYSIS = YES;
				CLANG_WARN_STRICT_PROTOTYPES = YES;
				CLANG_WARN_SUSPICIOUS_MOVE = YES;
				CLANG_WARN_UNGUARDED_AVAILABILITY = YES_AGGRESSIVE;
				CLANG_WARN_UNREACHABLE_CODE = YES;
				CLANG_WARN__DUPLICATE_METHOD_MATCH = YES;
				COPY_PHASE_STRIP = NO;
				DEBUG_INFORMATION_FORMAT = dwarf;
				DEVELOPMENT_TEAM = QKY2734ZAQ;
				ENABLE_STRICT_OBJC_MSGSEND = YES;
				ENABLE_TESTABILITY = YES;
				ENABLE_USER_SCRIPT_SANDBOXING = YES;
				GCC_C_LANGUAGE_STANDARD = gnu17;
				GCC_DYNAMIC_NO_PIC = NO;
				GCC_NO_COMMON_BLOCKS = YES;
				GCC_OPTIMIZATION_LEVEL = 0;
				GCC_PREPROCESSOR_DEFINITIONS = (
					"DEBUG=1",
					"$(inherited)",
				);
				GCC_WARN_64_TO_32_BIT_CONVERSION = YES;
				GCC_WARN_ABOUT_RETURN_TYPE = YES_ERROR;
				GCC_WARN_UNDECLARED_SELECTOR = YES;
				GCC_WARN_UNINITIALIZED_AUTOS = YES_AGGRESSIVE;
				GCC_WARN_UNUSED_FUNCTION = YES;
				GCC_WARN_UNUSED_VARIABLE = YES;
				LOCALIZATION_PREFERS_STRING_CATALOGS = YES;
				MTL_ENABLE_DEBUG_INFO = INCLUDE_SOURCE;
				MTL_FAST_MATH = YES;
				ONLY_ACTIVE_ARCH = YES;
				SWIFT_ACTIVE_COMPILATION_CONDITIONS = "DEBUG $(inherited)";
				SWIFT_OPTIMIZATION_LEVEL = "-Onone";
			};
			name = Debug;
		};
		F5452AAF2DC2B4A8008440E5 /* Release */ = {
			isa = XCBuildConfiguration;
			buildSettings = {
				ALWAYS_SEARCH_USER_PATHS = NO;
				ASSETCATALOG_COMPILER_GENERATE_SWIFT_ASSET_SYMBOL_EXTENSIONS = YES;
				CLANG_ANALYZER_NONNULL = YES;
				CLANG_ANALYZER_NUMBER_OBJECT_CONVERSION = YES_AGGRESSIVE;
				CLANG_CXX_LANGUAGE_STANDARD = "gnu++20";
				CLANG_ENABLE_MODULES = YES;
				CLANG_ENABLE_OBJC_ARC = YES;
				CLANG_ENABLE_OBJC_WEAK = YES;
				CLANG_WARN_BLOCK_CAPTURE_AUTORELEASING = YES;
				CLANG_WARN_BOOL_CONVERSION = YES;
				CLANG_WARN_COMMA = YES;
				CLANG_WARN_CONSTANT_CONVERSION = YES;
				CLANG_WARN_DEPRECATED_OBJC_IMPLEMENTATIONS = YES;
				CLANG_WARN_DIRECT_OBJC_ISA_USAGE = YES_ERROR;
				CLANG_WARN_DOCUMENTATION_COMMENTS = YES;
				CLANG_WARN_EMPTY_BODY = YES;
				CLANG_WARN_ENUM_CONVERSION = YES;
				CLANG_WARN_INFINITE_RECURSION = YES;
				CLANG_WARN_INT_CONVERSION = YES;
				CLANG_WARN_NON_LITERAL_NULL_CONVERSION = YES;
				CLANG_WARN_OBJC_IMPLICIT_RETAIN_SELF = YES;
				CLANG_WARN_OBJC_LITERAL_CONVERSION = YES;
				CLANG_WARN_OBJC_ROOT_CLASS = YES_ERROR;
				CLANG_WARN_QUOTED_INCLUDE_IN_FRAMEWORK_HEADER = YES;
				CLANG_WARN_RANGE_LOOP_ANALYSIS = YES;
				CLANG_WARN_STRICT_PROTOTYPES = YES;
				CLANG_WARN_SUSPICIOUS_MOVE = YES;
				CLANG_WARN_UNGUARDED_AVAILABILITY = YES_AGGRESSIVE;
				CLANG_WARN_UNREACHABLE_CODE = YES;
				CLANG_WARN__DUPLICATE_METHOD_MATCH = YES;
				COPY_PHASE_STRIP = NO;
				DEBUG_INFORMATION_FORMAT = "dwarf-with-dsym";
				DEVELOPMENT_TEAM = QKY2734ZAQ;
				ENABLE_NS_ASSERTIONS = NO;
				ENABLE_STRICT_OBJC_MSGSEND = YES;
				ENABLE_USER_SCRIPT_SANDBOXING = YES;
				GCC_C_LANGUAGE_STANDARD = gnu17;
				GCC_NO_COMMON_BLOCKS = YES;
				GCC_WARN_64_TO_32_BIT_CONVERSION = YES;
				GCC_WARN_ABOUT_RETURN_TYPE = YES_ERROR;
				GCC_WARN_UNDECLARED_SELECTOR = YES;
				GCC_WARN_UNINITIALIZED_AUTOS = YES_AGGRESSIVE;
				GCC_WARN_UNUSED_FUNCTION = YES;
				GCC_WARN_UNUSED_VARIABLE = YES;
				LOCALIZATION_PREFERS_STRING_CATALOGS = YES;
				MTL_ENABLE_DEBUG_INFO = NO;
				MTL_FAST_MATH = YES;
				SWIFT_COMPILATION_MODE = wholemodule;
			};
			name = Release;
		};
		F5452AB12DC2B4A8008440E5 /* Debug */ = {
			isa = XCBuildConfiguration;
			buildSettings = {
				ASSETCATALOG_COMPILER_APPICON_NAME = AppIcon;
				ASSETCATALOG_COMPILER_GLOBAL_ACCENT_COLOR_NAME = AccentColor;
				CODE_SIGN_ENTITLEMENTS = MarkdownSlides/MarkdownSlides.entitlements;
				CODE_SIGN_STYLE = Automatic;
				CURRENT_PROJECT_VERSION = 1;
				DEVELOPMENT_TEAM = QKY2734ZAQ;
				ENABLE_HARDENED_RUNTIME = YES;
				ENABLE_PREVIEWS = YES;
				GENERATE_INFOPLIST_FILE = YES;
				"INFOPLIST_KEY_UIApplicationSceneManifest_Generation[sdk=iphoneos*]" = YES;
				"INFOPLIST_KEY_UIApplicationSceneManifest_Generation[sdk=iphonesimulator*]" = YES;
				"INFOPLIST_KEY_UIApplicationSupportsIndirectInputEvents[sdk=iphoneos*]" = YES;
				"INFOPLIST_KEY_UIApplicationSupportsIndirectInputEvents[sdk=iphonesimulator*]" = YES;
				"INFOPLIST_KEY_UILaunchScreen_Generation[sdk=iphoneos*]" = YES;
				"INFOPLIST_KEY_UILaunchScreen_Generation[sdk=iphonesimulator*]" = YES;
				"INFOPLIST_KEY_UIStatusBarStyle[sdk=iphoneos*]" = UIStatusBarStyleDefault;
				"INFOPLIST_KEY_UIStatusBarStyle[sdk=iphonesimulator*]" = UIStatusBarStyleDefault;
				INFOPLIST_KEY_UISupportedInterfaceOrientations_iPad = "UIInterfaceOrientationPortrait UIInterfaceOrientationPortraitUpsideDown UIInterfaceOrientationLandscapeLeft UIInterfaceOrientationLandscapeRight";
				INFOPLIST_KEY_UISupportedInterfaceOrientations_iPhone = "UIInterfaceOrientationPortrait UIInterfaceOrientationLandscapeLeft UIInterfaceOrientationLandscapeRight";
				IPHONEOS_DEPLOYMENT_TARGET = 18.4;
				LD_RUNPATH_SEARCH_PATHS = "@executable_path/Frameworks";
				"LD_RUNPATH_SEARCH_PATHS[sdk=macosx*]" = "@executable_path/../Frameworks";
				MACOSX_DEPLOYMENT_TARGET = 15.4;
				MARKETING_VERSION = 1.0;
				PRODUCT_BUNDLE_IDENTIFIER = ai.pieter.MarkdownSlides;
				PRODUCT_NAME = "$(TARGET_NAME)";
				REGISTER_APP_GROUPS = YES;
				SDKROOT = auto;
				SUPPORTED_PLATFORMS = "iphoneos iphonesimulator macosx xros xrsimulator";
				SWIFT_EMIT_LOC_STRINGS = YES;
				SWIFT_VERSION = 5.0;
				TARGETED_DEVICE_FAMILY = "1,2,7";
				XROS_DEPLOYMENT_TARGET = 2.4;
			};
			name = Debug;
		};
		F5452AB22DC2B4A8008440E5 /* Release */ = {
			isa = XCBuildConfiguration;
			buildSettings = {
				ASSETCATALOG_COMPILER_APPICON_NAME = AppIcon;
				ASSETCATALOG_COMPILER_GLOBAL_ACCENT_COLOR_NAME = AccentColor;
				CODE_SIGN_ENTITLEMENTS = MarkdownSlides/MarkdownSlides.entitlements;
				CODE_SIGN_STYLE = Automatic;
				CURRENT_PROJECT_VERSION = 1;
				DEVELOPMENT_TEAM = QKY2734ZAQ;
				ENABLE_HARDENED_RUNTIME = YES;
				ENABLE_PREVIEWS = YES;
				GENERATE_INFOPLIST_FILE = YES;
				"INFOPLIST_KEY_UIApplicationSceneManifest_Generation[sdk=iphoneos*]" = YES;
				"INFOPLIST_KEY_UIApplicationSceneManifest_Generation[sdk=iphonesimulator*]" = YES;
				"INFOPLIST_KEY_UIApplicationSupportsIndirectInputEvents[sdk=iphoneos*]" = YES;
				"INFOPLIST_KEY_UIApplicationSupportsIndirectInputEvents[sdk=iphonesimulator*]" = YES;
				"INFOPLIST_KEY_UILaunchScreen_Generation[sdk=iphoneos*]" = YES;
				"INFOPLIST_KEY_UILaunchScreen_Generation[sdk=iphonesimulator*]" = YES;
				"INFOPLIST_KEY_UIStatusBarStyle[sdk=iphoneos*]" = UIStatusBarStyleDefault;
				"INFOPLIST_KEY_UIStatusBarStyle[sdk=iphonesimulator*]" = UIStatusBarStyleDefault;
				INFOPLIST_KEY_UISupportedInterfaceOrientations_iPad = "UIInterfaceOrientationPortrait UIInterfaceOrientationPortraitUpsideDown UIInterfaceOrientationLandscapeLeft UIInterfaceOrientationLandscapeRight";
				INFOPLIST_KEY_UISupportedInterfaceOrientations_iPhone = "UIInterfaceOrientationPortrait UIInterfaceOrientationLandscapeLeft UIInterfaceOrientationLandscapeRight";
				IPHONEOS_DEPLOYMENT_TARGET = 18.4;
				LD_RUNPATH_SEARCH_PATHS = "@executable_path/Frameworks";
				"LD_RUNPATH_SEARCH_PATHS[sdk=macosx*]" = "@executable_path/../Frameworks";
				MACOSX_DEPLOYMENT_TARGET = 15.4;
				MARKETING_VERSION = 1.0;
				PRODUCT_BUNDLE_IDENTIFIER = ai.pieter.MarkdownSlides;
				PRODUCT_NAME = "$(TARGET_NAME)";
				REGISTER_APP_GROUPS = YES;
				SDKROOT = auto;
				SUPPORTED_PLATFORMS = "iphoneos iphonesimulator macosx xros xrsimulator";
				SWIFT_EMIT_LOC_STRINGS = YES;
				SWIFT_VERSION = 5.0;
				TARGETED_DEVICE_FAMILY = "1,2,7";
				XROS_DEPLOYMENT_TARGET = 2.4;
			};
			name = Release;
		};
		F5452AB42DC2B4A8008440E5 /* Debug */ = {
			isa = XCBuildConfiguration;
			buildSettings = {
				BUNDLE_LOADER = "$(TEST_HOST)";
				CODE_SIGN_STYLE = Automatic;
				CURRENT_PROJECT_VERSION = 1;
				DEVELOPMENT_TEAM = QKY2734ZAQ;
				GENERATE_INFOPLIST_FILE = YES;
				IPHONEOS_DEPLOYMENT_TARGET = 18.4;
				MACOSX_DEPLOYMENT_TARGET = 15.4;
				MARKETING_VERSION = 1.0;
				PRODUCT_BUNDLE_IDENTIFIER = ai.pieter.MarkdownSlidesTests;
				PRODUCT_NAME = "$(TARGET_NAME)";
				SDKROOT = auto;
				SUPPORTED_PLATFORMS = "iphoneos iphonesimulator macosx xros xrsimulator";
				SWIFT_EMIT_LOC_STRINGS = NO;
				SWIFT_VERSION = 5.0;
				TARGETED_DEVICE_FAMILY = "1,2,7";
				TEST_HOST = "$(BUILT_PRODUCTS_DIR)/MarkdownSlides.app/$(BUNDLE_EXECUTABLE_FOLDER_PATH)/MarkdownSlides";
				XROS_DEPLOYMENT_TARGET = 2.4;
			};
			name = Debug;
		};
		F5452AB52DC2B4A8008440E5 /* Release */ = {
			isa = XCBuildConfiguration;
			buildSettings = {
				BUNDLE_LOADER = "$(TEST_HOST)";
				CODE_SIGN_STYLE = Automatic;
				CURRENT_PROJECT_VERSION = 1;
				DEVELOPMENT_TEAM = QKY2734ZAQ;
				GENERATE_INFOPLIST_FILE = YES;
				IPHONEOS_DEPLOYMENT_TARGET = 18.4;
				MACOSX_DEPLOYMENT_TARGET = 15.4;
				MARKETING_VERSION = 1.0;
				PRODUCT_BUNDLE_IDENTIFIER = ai.pieter.MarkdownSlidesTests;
				PRODUCT_NAME = "$(TARGET_NAME)";
				SDKROOT = auto;
				SUPPORTED_PLATFORMS = "iphoneos iphonesimulator macosx xros xrsimulator";
				SWIFT_EMIT_LOC_STRINGS = NO;
				SWIFT_VERSION = 5.0;
				TARGETED_DEVICE_FAMILY = "1,2,7";
				TEST_HOST = "$(BUILT_PRODUCTS_DIR)/MarkdownSlides.app/$(BUNDLE_EXECUTABLE_FOLDER_PATH)/MarkdownSlides";
				XROS_DEPLOYMENT_TARGET = 2.4;
			};
			name = Release;
		};
		F5452AB72DC2B4A8008440E5 /* Debug */ = {
			isa = XCBuildConfiguration;
			buildSettings = {
				CODE_SIGN_STYLE = Automatic;
				CURRENT_PROJECT_VERSION = 1;
				DEVELOPMENT_TEAM = QKY2734ZAQ;
				GENERATE_INFOPLIST_FILE = YES;
				IPHONEOS_DEPLOYMENT_TARGET = 18.4;
				MACOSX_DEPLOYMENT_TARGET = 15.4;
				MARKETING_VERSION = 1.0;
				PRODUCT_BUNDLE_IDENTIFIER = ai.pieter.MarkdownSlidesUITests;
				PRODUCT_NAME = "$(TARGET_NAME)";
				SDKROOT = auto;
				SUPPORTED_PLATFORMS = "iphoneos iphonesimulator macosx xros xrsimulator";
				SWIFT_EMIT_LOC_STRINGS = NO;
				SWIFT_VERSION = 5.0;
				TARGETED_DEVICE_FAMILY = "1,2,7";
				TEST_TARGET_NAME = MarkdownSlides;
				XROS_DEPLOYMENT_TARGET = 2.4;
			};
			name = Debug;
		};
		F5452AB82DC2B4A8008440E5 /* Release */ = {
			isa = XCBuildConfiguration;
			buildSettings = {
				CODE_SIGN_STYLE = Automatic;
				CURRENT_PROJECT_VERSION = 1;
				DEVELOPMENT_TEAM = QKY2734ZAQ;
				GENERATE_INFOPLIST_FILE = YES;
				IPHONEOS_DEPLOYMENT_TARGET = 18.4;
				MACOSX_DEPLOYMENT_TARGET = 15.4;
				MARKETING_VERSION = 1.0;
				PRODUCT_BUNDLE_IDENTIFIER = ai.pieter.MarkdownSlidesUITests;
				PRODUCT_NAME = "$(TARGET_NAME)";
				SDKROOT = auto;
				SUPPORTED_PLATFORMS = "iphoneos iphonesimulator macosx xros xrsimulator";
				SWIFT_EMIT_LOC_STRINGS = NO;
				SWIFT_VERSION = 5.0;
				TARGETED_DEVICE_FAMILY = "1,2,7";
				TEST_TARGET_NAME = MarkdownSlides;
				XROS_DEPLOYMENT_TARGET = 2.4;
			};
			name = Release;
		};
/* End XCBuildConfiguration section */

/* Begin XCConfigurationList section */
		F5452A892DC2B4A5008440E5 /* Build configuration list for PBXProject "MarkdownSlides" */ = {
			isa = XCConfigurationList;
			buildConfigurations = (
				F5452AAE2DC2B4A8008440E5 /* Debug */,
				F5452AAF2DC2B4A8008440E5 /* Release */,
			);
			defaultConfigurationIsVisible = 0;
			defaultConfigurationName = Release;
		};
		F5452AB02DC2B4A8008440E5 /* Build configuration list for PBXNativeTarget "MarkdownSlides" */ = {
			isa = XCConfigurationList;
			buildConfigurations = (
				F5452AB12DC2B4A8008440E5 /* Debug */,
				F5452AB22DC2B4A8008440E5 /* Release */,
			);
			defaultConfigurationIsVisible = 0;
			defaultConfigurationName = Release;
		};
		F5452AB32DC2B4A8008440E5 /* Build configuration list for PBXNativeTarget "MarkdownSlidesTests" */ = {
			isa = XCConfigurationList;
			buildConfigurations = (
				F5452AB42DC2B4A8008440E5 /* Debug */,
				F5452AB52DC2B4A8008440E5 /* Release */,
			);
			defaultConfigurationIsVisible = 0;
			defaultConfigurationName = Release;
		};
		F5452AB62DC2B4A8008440E5 /* Build configuration list for PBXNativeTarget "MarkdownSlidesUITests" */ = {
			isa = XCConfigurationList;
			buildConfigurations = (
				F5452AB72DC2B4A8008440E5 /* Debug */,
				F5452AB82DC2B4A8008440E5 /* Release */,
			);
			defaultConfigurationIsVisible = 0;
			defaultConfigurationName = Release;
		};
/* End XCConfigurationList section */

/* Begin XCRemoteSwiftPackageReference section */
		F5452AB92DC2B552008440E5 /* XCRemoteSwiftPackageReference "Down" */ = {
			isa = XCRemoteSwiftPackageReference;
			repositoryURL = "https://github.com/johnxnguyen/Down";
			requirement = {
				branch = master;
				kind = branch;
			};
		};
/* End XCRemoteSwiftPackageReference section */

/* Begin XCSwiftPackageProductDependency section */
		F5452ABA2DC2B620008440E5 /* Down */ = {
			isa = XCSwiftPackageProductDependency;
			package = F5452AB92DC2B552008440E5 /* XCRemoteSwiftPackageReference "Down" */;
			productName = Down;
		};
/* End XCSwiftPackageProductDependency section */
	};
	rootObject = F5452A862DC2B4A5008440E5 /* Project object */;
}
